
Microsoft Visual Studio Solution File, Format Version 12.00
# Visual Studio Version 17
VisualStudioVersion = 17.11.35327.3
MinimumVisualStudioVersion = 10.0.40219.1
Project("{FAE04EC0-301F-11D3-BF4B-00C04F79EFBC}") = "Json.Protector", "Src\Json.Protector\Json.Protector.csproj", "{A5828F81-F3D6-421E-8ABA-E83003967FB0}"
EndProject
Global
	GlobalSection(SolutionConfigurationPlatforms) = preSolution
		Debug|Any CPU = Debug|Any CPU
		Release|Any CPU = Release|Any CPU
	EndGlobalSection
	GlobalSection(ProjectConfigurationPlatforms) = postSolution
		{A5828F81-F3D6-421E-8ABA-E83003967FB0}.Debug|Any CPU.ActiveCfg = Debug|Any CPU
		{A5828F81-F3D6-421E-8ABA-E83003967FB0}.Debug|Any CPU.Build.0 = Debug|Any CPU
		{A5828F81-F3D6-421E-8ABA-E83003967FB0}.Release|Any CPU.ActiveCfg = Release|Any CPU
		{A5828F81-F3D6-421E-8ABA-E83003967FB0}.Release|Any CPU.Build.0 = Release|Any CPU
	EndGlobalSection
	GlobalSection(SolutionProperties) = preSolution
		HideSolutionNode = FALSE
	EndGlobalSection
	GlobalSection(ExtensibilityGlobals) = postSolution
		SolutionGuid = {C58F84FF-AA06-46A8-A52A-390266D37E8D}
	EndGlobalSection
EndGlobal
